
Microsoft Visual Studio Solution File, Format Version 12.00
# Visual Studio Version 16
VisualStudioVersion = 16.0.32901.82
MinimumVisualStudioVersion = 10.0.40219.1
Project("{FAE04EC0-301F-11D3-BF4B-00C04F79EFBC}") = "eEletronics", "eEletronics\eEletronics.csproj", "{3B65D087-8391-4789-9002-143080664E8B}"
EndProject
Global
	GlobalSection(SolutionConfigurationPlatforms) = preSolution
		Debug|Any CPU = Debug|Any CPU
		Release|Any CPU = Release|Any CPU
	EndGlobalSection
	GlobalSection(ProjectConfigurationPlatforms) = postSolution
		{3B65D087-8391-4789-9002-143080664E8B}.Debug|Any CPU.ActiveCfg = Debug|Any CPU
		{3B65D087-8391-4789-9002-143080664E8B}.Debug|Any CPU.Build.0 = Debug|Any CPU
		{3B65D087-8391-4789-9002-143080664E8B}.Release|Any CPU.ActiveCfg = Release|Any CPU
		{3B65D087-8391-4789-9002-143080664E8B}.Release|Any CPU.Build.0 = Release|Any CPU
	EndGlobalSection
	GlobalSection(SolutionProperties) = preSolution
		HideSolutionNode = FALSE
	EndGlobalSection
	GlobalSection(ExtensibilityGlobals) = postSolution
		SolutionGuid = {337C54CE-7F97-4F46-8040-364ACFF801D0}
	EndGlobalSection
EndGlobal
